// !$*UTF8*$!
{
	archiveVersion = 1;
	classes = {
	};
	objectVersion = 55;
	objects = {

/* Begin PBXBuildFile section */
		33DDD859274961440030490A /* AppDelegate.swift in Sources */ = {isa = PBXBuildFile; fileRef = 33DDD858274961440030490A /* AppDelegate.swift */; };
		33DDD85B274961440030490A /* SceneDelegate.swift in Sources */ = {isa = PBXBuildFile; fileRef = 33DDD85A274961440030490A /* SceneDelegate.swift */; };
		33DDD85D274961440030490A /* ViewController.swift in Sources */ = {isa = PBXBuildFile; fileRef = 33DDD85C274961440030490A /* ViewController.swift */; };
		33DDD860274961440030490A /* Main.storyboard in Resources */ = {isa = PBXBuildFile; fileRef = 33DDD85E274961440030490A /* Main.storyboard */; };
		33DDD862274961460030490A /* Assets.xcassets in Resources */ = {isa = PBXBuildFile; fileRef = 33DDD861274961460030490A /* Assets.xcassets */; };
		33DDD865274961460030490A /* LaunchScreen.storyboard in Resources */ = {isa = PBXBuildFile; fileRef = 33DDD863274961460030490A /* LaunchScreen.storyboard */; };
		33DDD86D274963CC0030490A /* AuthViewController.swift in Sources */ = {isa = PBXBuildFile; fileRef = 33DDD86C274963CC0030490A /* AuthViewController.swift */; };
		33DDD87227496A190030490A /* FirebaseAnalytics in Frameworks */ = {isa = PBXBuildFile; productRef = 33DDD87127496A190030490A /* FirebaseAnalytics */; };
		33DDD87427496A190030490A /* FirebaseAuth in Frameworks */ = {isa = PBXBuildFile; productRef = 33DDD87327496A190030490A /* FirebaseAuth */; };
		33DDD87627496A190030490A /* FirebaseCrashlytics in Frameworks */ = {isa = PBXBuildFile; productRef = 33DDD87527496A190030490A /* FirebaseCrashlytics */; };
		33DDD87827496A190030490A /* FirebaseDatabase in Frameworks */ = {isa = PBXBuildFile; productRef = 33DDD87727496A190030490A /* FirebaseDatabase */; };
		33DDD87A27496A190030490A /* FirebaseDatabaseSwift-Beta in Frameworks */ = {isa = PBXBuildFile; productRef = 33DDD87927496A190030490A /* FirebaseDatabaseSwift-Beta */; };
		33DDD87C27496A190030490A /* FirebaseFirestore in Frameworks */ = {isa = PBXBuildFile; productRef = 33DDD87B27496A190030490A /* FirebaseFirestore */; };
		33DDD87E27496A190030490A /* FirebaseFunctions in Frameworks */ = {isa = PBXBuildFile; productRef = 33DDD87D27496A190030490A /* FirebaseFunctions */; };
		33DDD88027496A190030490A /* FirebaseInstallations in Frameworks */ = {isa = PBXBuildFile; productRef = 33DDD87F27496A190030490A /* FirebaseInstallations */; };
		33DDD88227496D8F0030490A /* GoogleService-Info.plist in Resources */ = {isa = PBXBuildFile; fileRef = 33DDD88127496D8F0030490A /* GoogleService-Info.plist */; };
/* End PBXBuildFile section */

/* Begin PBXFileReference section */
		33DDD855274961440030490A /* LoginPas.app */ = {isa = PBXFileReference; explicitFileType = wrapper.application; includeInIndex = 0; path = LoginPas.app; sourceTree = BUILT_PRODUCTS_DIR; };
		33DDD858274961440030490A /* AppDelegate.swift */ = {isa = PBXFileReference; lastKnownFileType = sourcecode.swift; path = AppDelegate.swift; sourceTree = "<group>"; };
		33DDD85A274961440030490A /* SceneDelegate.swift */ = {isa = PBXFileReference; lastKnownFileType = sourcecode.swift; path = SceneDelegate.swift; sourceTree = "<group>"; };
		33DDD85C274961440030490A /* ViewController.swift */ = {isa = PBXFileReference; lastKnownFileType = sourcecode.swift; path = ViewController.swift; sourceTree = "<group>"; };
		33DDD85F274961440030490A /* Base */ = {isa = PBXFileReference; lastKnownFileType = file.storyboard; name = Base; path = Base.lproj/Main.storyboard; sourceTree = "<group>"; };
		33DDD861274961460030490A /* Assets.xcassets */ = {isa = PBXFileReference; lastKnownFileType = folder.assetcatalog; path = Assets.xcassets; sourceTree = "<group>"; };
		33DDD864274961460030490A /* Base */ = {isa = PBXFileReference; lastKnownFileType = file.storyboard; name = Base; path = Base.lproj/LaunchScreen.storyboard; sourceTree = "<group>"; };
		33DDD866274961460030490A /* Info.plist */ = {isa = PBXFileReference; lastKnownFileType = text.plist.xml; path = Info.plist; sourceTree = "<group>"; };
		33DDD86C274963CC0030490A /* AuthViewController.swift */ = {isa = PBXFileReference; lastKnownFileType = sourcecode.swift; path = AuthViewController.swift; sourceTree = "<group>"; };
		33DDD88127496D8F0030490A /* GoogleService-Info.plist */ = {isa = PBXFileReference; fileEncoding = 4; lastKnownFileType = text.plist.xml; path = "GoogleService-Info.plist"; sourceTree = "<group>"; };
/* End PBXFileReference section */

/* Begin PBXFrameworksBuildPhase section */
		33DDD852274961440030490A /* Frameworks */ = {
			isa = PBXFrameworksBuildPhase;
			buildActionMask = 2147483647;
			files = (
				33DDD87A27496A190030490A /* FirebaseDatabaseSwift-Beta in Frameworks */,
				33DDD87E27496A190030490A /* FirebaseFunctions in Frameworks */,
				33DDD87627496A190030490A /* FirebaseCrashlytics in Frameworks */,
				33DDD88027496A190030490A /* FirebaseInstallations in Frameworks */,
				33DDD87227496A190030490A /* FirebaseAnalytics in Frameworks */,
				33DDD87827496A190030490A /* FirebaseDatabase in Frameworks */,
				33DDD87427496A190030490A /* FirebaseAuth in Frameworks */,
				33DDD87C27496A190030490A /* FirebaseFirestore in Frameworks */,
			);
			runOnlyForDeploymentPostprocessing = 0;
		};
/* End PBXFrameworksBuildPhase section */

/* Begin PBXGroup section */
		33DDD84C274961440030490A = {
			isa = PBXGroup;
			children = (
				33DDD857274961440030490A /* LoginPas */,
				33DDD856274961440030490A /* Products */,
			);
			sourceTree = "<group>";
		};
		33DDD856274961440030490A /* Products */ = {
			isa = PBXGroup;
			children = (
				33DDD855274961440030490A /* LoginPas.app */,
			);
			name = Products;
			sourceTree = "<group>";
		};
		33DDD857274961440030490A /* LoginPas */ = {
			isa = PBXGroup;
			children = (
				33DDD858274961440030490A /* AppDelegate.swift */,
				33DDD85A274961440030490A /* SceneDelegate.swift */,
				33DDD85C274961440030490A /* ViewController.swift */,
				33DDD86C274963CC0030490A /* AuthViewController.swift */,
				33DDD861274961460030490A /* Assets.xcassets */,
				33DDD85E274961440030490A /* Main.storyboard */,
				33DDD863274961460030490A /* LaunchScreen.storyboard */,
				33DDD88127496D8F0030490A /* GoogleService-Info.plist */,
				33DDD866274961460030490A /* Info.plist */,
			);
			path = LoginPas;
			sourceTree = "<group>";
		};
/* End PBXGroup section */

/* Begin PBXNativeTarget section */
		33DDD854274961440030490A /* LoginPas */ = {
			isa = PBXNativeTarget;
			buildConfigurationList = 33DDD869274961460030490A /* Build configuration list for PBXNativeTarget "LoginPas" */;
			buildPhases = (
				33DDD851274961440030490A /* Sources */,
				33DDD852274961440030490A /* Frameworks */,
				33DDD853274961440030490A /* Resources */,
			);
			buildRules = (
			);
			dependencies = (
			);
			name = LoginPas;
			packageProductDependencies = (
				33DDD87127496A190030490A /* FirebaseAnalytics */,
				33DDD87327496A190030490A /* FirebaseAuth */,
				33DDD87527496A190030490A /* FirebaseCrashlytics */,
				33DDD87727496A190030490A /* FirebaseDatabase */,
				33DDD87927496A190030490A /* FirebaseDatabaseSwift-Beta */,
				33DDD87B27496A190030490A /* FirebaseFirestore */,
				33DDD87D27496A190030490A /* FirebaseFunctions */,
				33DDD87F27496A190030490A /* FirebaseInstallations */,
			);
			productName = LoginPas;
			productReference = 33DDD855274961440030490A /* LoginPas.app */;
			productType = "com.apple.product-type.application";
		};
/* End PBXNativeTarget section */

/* Begin PBXProject section */
		33DDD84D274961440030490A /* Project object */ = {
			isa = PBXProject;
			attributes = {
				BuildIndependentTargetsInParallel = 1;
				LastSwiftUpdateCheck = 1300;
				LastUpgradeCheck = 1300;
				TargetAttributes = {
					33DDD854274961440030490A = {
						CreatedOnToolsVersion = 13.0;
					};
				};
			};
			buildConfigurationList = 33DDD850274961440030490A /* Build configuration list for PBXProject "LoginPas" */;
			compatibilityVersion = "Xcode 13.0";
			developmentRegion = en;
			hasScannedForEncodings = 0;
			knownRegions = (
				en,
				Base,
			);
			mainGroup = 33DDD84C274961440030490A;
			packageReferences = (
				33DDD87027496A190030490A /* XCRemoteSwiftPackageReference "firebase-ios-sdk" */,
			);
			productRefGroup = 33DDD856274961440030490A /* Products */;
			projectDirPath = "";
			projectRoot = "";
			targets = (
				33DDD854274961440030490A /* LoginPas */,
			);
		};
/* End PBXProject section */

/* Begin PBXResourcesBuildPhase section */
		33DDD853274961440030490A /* Resources */ = {
			isa = PBXResourcesBuildPhase;
			buildActionMask = 2147483647;
			files = (
				33DDD865274961460030490A /* LaunchScreen.storyboard in Resources */,
				33DDD88227496D8F0030490A /* GoogleService-Info.plist in Resources */,
				33DDD862274961460030490A /* Assets.xcassets in Resources */,
				33DDD860274961440030490A /* Main.storyboard in Resources */,
			);
			runOnlyForDeploymentPostprocessing = 0;
		};
/* End PBXResourcesBuildPhase section */

/* Begin PBXSourcesBuildPhase section */
		33DDD851274961440030490A /* Sources */ = {
			isa = PBXSourcesBuildPhase;
			buildActionMask = 2147483647;
			files = (
				33DDD86D274963CC0030490A /* AuthViewController.swift in Sources */,
				33DDD85D274961440030490A /* ViewController.swift in Sources */,
				33DDD859274961440030490A /* AppDelegate.swift in Sources */,
				33DDD85B274961440030490A /* SceneDelegate.swift in Sources */,
			);
			runOnlyForDeploymentPostprocessing = 0;
		};
/* End PBXSourcesBuildPhase section */

/* Begin PBXVariantGroup section */
		33DDD85E274961440030490A /* Main.storyboard */ = {
			isa = PBXVariantGroup;
			children = (
				33DDD85F274961440030490A /* Base */,
			);
			name = Main.storyboard;
			sourceTree = "<group>";
		};
		33DDD863274961460030490A /* LaunchScreen.storyboard */ = {
			isa = PBXVariantGroup;
			children = (
				33DDD864274961460030490A /* Base */,
			);
			name = LaunchScreen.storyboard;
			sourceTree = "<group>";
		};
/* End PBXVariantGroup section */

/* Begin XCBuildConfiguration section */
		33DDD867274961460030490A /* Debug */ = {
			isa = XCBuildConfiguration;
			buildSettings = {
				ALWAYS_SEARCH_USER_PATHS = NO;
				CLANG_ANALYZER_NONNULL = YES;
				CLANG_ANALYZER_NUMBER_OBJECT_CONVERSION = YES_AGGRESSIVE;
				CLANG_CXX_LANGUAGE_STANDARD = "gnu++17";
				CLANG_CXX_LIBRARY = "libc++";
				CLANG_ENABLE_MODULES = YES;
				CLANG_ENABLE_OBJC_ARC = YES;
				CLANG_ENABLE_OBJC_WEAK = YES;
				CLANG_WARN_BLOCK_CAPTURE_AUTORELEASING = YES;
				CLANG_WARN_BOOL_CONVERSION = YES;
				CLANG_WARN_COMMA = YES;
				CLANG_WARN_CONSTANT_CONVERSION = YES;
				CLANG_WARN_DEPRECATED_OBJC_IMPLEMENTATIONS = YES;
				CLANG_WARN_DIRECT_OBJC_ISA_USAGE = YES_ERROR;
				CLANG_WARN_DOCUMENTATION_COMMENTS = YES;
				CLANG_WARN_EMPTY_BODY = YES;
				CLANG_WARN_ENUM_CONVERSION = YES;
				CLANG_WARN_INFINITE_RECURSION = YES;
				CLANG_WARN_INT_CONVERSION = YES;
				CLANG_WARN_NON_LITERAL_NULL_CONVERSION = YES;
				CLANG_WARN_OBJC_IMPLICIT_RETAIN_SELF = YES;
				CLANG_WARN_OBJC_LITERAL_CONVERSION = YES;
				CLANG_WARN_OBJC_ROOT_CLASS = YES_ERROR;
				CLANG_WARN_QUOTED_INCLUDE_IN_FRAMEWORK_HEADER = YES;
				CLANG_WARN_RANGE_LOOP_ANALYSIS = YES;
				CLANG_WARN_STRICT_PROTOTYPES = YES;
				CLANG_WARN_SUSPICIOUS_MOVE = YES;
				CLANG_WARN_UNGUARDED_AVAILABILITY = YES_AGGRESSIVE;
				CLANG_WARN_UNREACHABLE_CODE = YES;
				CLANG_WARN__DUPLICATE_METHOD_MATCH = YES;
				COPY_PHASE_STRIP = NO;
				DEBUG_INFORMATION_FORMAT = dwarf;
				ENABLE_STRICT_OBJC_MSGSEND = YES;
				ENABLE_TESTABILITY = YES;
				GCC_C_LANGUAGE_STANDARD = gnu11;
				GCC_DYNAMIC_NO_PIC = NO;
				GCC_NO_COMMON_BLOCKS = YES;
				GCC_OPTIMIZATION_LEVEL = 0;
				GCC_PREPROCESSOR_DEFINITIONS = (
					"DEBUG=1",
					"$(inherited)",
				);
				GCC_WARN_64_TO_32_BIT_CONVERSION = YES;
				GCC_WARN_ABOUT_RETURN_TYPE = YES_ERROR;
				GCC_WARN_UNDECLARED_SELECTOR = YES;
				GCC_WARN_UNINITIALIZED_AUTOS = YES_AGGRESSIVE;
				GCC_WARN_UNUSED_FUNCTION = YES;
				GCC_WARN_UNUSED_VARIABLE = YES;
				IPHONEOS_DEPLOYMENT_TARGET = 15.0;
				MTL_ENABLE_DEBUG_INFO = INCLUDE_SOURCE;
				MTL_FAST_MATH = YES;
				ONLY_ACTIVE_ARCH = YES;
				SDKROOT = iphoneos;
				SWIFT_ACTIVE_COMPILATION_CONDITIONS = DEBUG;
				SWIFT_OPTIMIZATION_LEVEL = "-Onone";
			};
			name = Debug;
		};
		33DDD868274961460030490A /* Release */ = {
			isa = XCBuildConfiguration;
			buildSettings = {
				ALWAYS_SEARCH_USER_PATHS = NO;
				CLANG_ANALYZER_NONNULL = YES;
				CLANG_ANALYZER_NUMBER_OBJECT_CONVERSION = YES_AGGRESSIVE;
				CLANG_CXX_LANGUAGE_STANDARD = "gnu++17";
				CLANG_CXX_LIBRARY = "libc++";
				CLANG_ENABLE_MODULES = YES;
				CLANG_ENABLE_OBJC_ARC = YES;
				CLANG_ENABLE_OBJC_WEAK = YES;
				CLANG_WARN_BLOCK_CAPTURE_AUTORELEASING = YES;
				CLANG_WARN_BOOL_CONVERSION = YES;
				CLANG_WARN_COMMA = YES;
				CLANG_WARN_CONSTANT_CONVERSION = YES;
				CLANG_WARN_DEPRECATED_OBJC_IMPLEMENTATIONS = YES;
				CLANG_WARN_DIRECT_OBJC_ISA_USAGE = YES_ERROR;
				CLANG_WARN_DOCUMENTATION_COMMENTS = YES;
				CLANG_WARN_EMPTY_BODY = YES;
				CLANG_WARN_ENUM_CONVERSION = YES;
				CLANG_WARN_INFINITE_RECURSION = YES;
				CLANG_WARN_INT_CONVERSION = YES;
				CLANG_WARN_NON_LITERAL_NULL_CONVERSION = YES;
				CLANG_WARN_OBJC_IMPLICIT_RETAIN_SELF = YES;
				CLANG_WARN_OBJC_LITERAL_CONVERSION = YES;
				CLANG_WARN_OBJC_ROOT_CLASS = YES_ERROR;
				CLANG_WARN_QUOTED_INCLUDE_IN_FRAMEWORK_HEADER = YES;
				CLANG_WARN_RANGE_LOOP_ANALYSIS = YES;
				CLANG_WARN_STRICT_PROTOTYPES = YES;
				CLANG_WARN_SUSPICIOUS_MOVE = YES;
				CLANG_WARN_UNGUARDED_AVAILABILITY = YES_AGGRESSIVE;
				CLANG_WARN_UNREACHABLE_CODE = YES;
				CLANG_WARN__DUPLICATE_METHOD_MATCH = YES;
				COPY_PHASE_STRIP = NO;
				DEBUG_INFORMATION_FORMAT = "dwarf-with-dsym";
				ENABLE_NS_ASSERTIONS = NO;
				ENABLE_STRICT_OBJC_MSGSEND = YES;
				GCC_C_LANGUAGE_STANDARD = gnu11;
				GCC_NO_COMMON_BLOCKS = YES;
				GCC_WARN_64_TO_32_BIT_CONVERSION = YES;
				GCC_WARN_ABOUT_RETURN_TYPE = YES_ERROR;
				GCC_WARN_UNDECLARED_SELECTOR = YES;
				GCC_WARN_UNINITIALIZED_AUTOS = YES_AGGRESSIVE;
				GCC_WARN_UNUSED_FUNCTION = YES;
				GCC_WARN_UNUSED_VARIABLE = YES;
				IPHONEOS_DEPLOYMENT_TARGET = 15.0;
				MTL_ENABLE_DEBUG_INFO = NO;
				MTL_FAST_MATH = YES;
				SDKROOT = iphoneos;
				SWIFT_COMPILATION_MODE = wholemodule;
				SWIFT_OPTIMIZATION_LEVEL = "-O";
				VALIDATE_PRODUCT = YES;
			};
			name = Release;
		};
		33DDD86A274961460030490A /* Debug */ = {
			isa = XCBuildConfiguration;
			buildSettings = {
				ASSETCATALOG_COMPILER_APPICON_NAME = AppIcon;
				ASSETCATALOG_COMPILER_GLOBAL_ACCENT_COLOR_NAME = AccentColor;
				CODE_SIGN_STYLE = Automatic;
				CURRENT_PROJECT_VERSION = 1;
				DEVELOPMENT_TEAM = BC7M4A2H3L;
				GENERATE_INFOPLIST_FILE = YES;
				INFOPLIST_FILE = LoginPas/Info.plist;
				INFOPLIST_KEY_UIApplicationSupportsIndirectInputEvents = YES;
				INFOPLIST_KEY_UILaunchStoryboardName = LaunchScreen;
				INFOPLIST_KEY_UIMainStoryboardFile = Main;
				INFOPLIST_KEY_UISupportedInterfaceOrientations_iPad = "UIInterfaceOrientationPortrait UIInterfaceOrientationPortraitUpsideDown UIInterfaceOrientationLandscapeLeft UIInterfaceOrientationLandscapeRight";
				INFOPLIST_KEY_UISupportedInterfaceOrientations_iPhone = "UIInterfaceOrientationPortrait UIInterfaceOrientationLandscapeLeft UIInterfaceOrientationLandscapeRight";
				LD_RUNPATH_SEARCH_PATHS = (
					"$(inherited)",
					"@executable_path/Frameworks",
				);
				MARKETING_VERSION = 1.0;
				PRODUCT_BUNDLE_IDENTIFIER = Chistyakov.LoginPas;
				PRODUCT_NAME = "$(TARGET_NAME)";
				SWIFT_EMIT_LOC_STRINGS = YES;
				SWIFT_VERSION = 5.0;
				TARGETED_DEVICE_FAMILY = "1,2";
			};
			name = Debug;
		};
		33DDD86B274961460030490A /* Release */ = {
			isa = XCBuildConfiguration;
			buildSettings = {
				ASSETCATALOG_COMPILER_APPICON_NAME = AppIcon;
				ASSETCATALOG_COMPILER_GLOBAL_ACCENT_COLOR_NAME = AccentColor;
				CODE_SIGN_STYLE = Automatic;
				CURRENT_PROJECT_VERSION = 1;
				DEVELOPMENT_TEAM = BC7M4A2H3L;
				GENERATE_INFOPLIST_FILE = YES;
				INFOPLIST_FILE = LoginPas/Info.plist;
				INFOPLIST_KEY_UIApplicationSupportsIndirectInputEvents = YES;
				INFOPLIST_KEY_UILaunchStoryboardName = LaunchScreen;
				INFOPLIST_KEY_UIMainStoryboardFile = Main;
				INFOPLIST_KEY_UISupportedInterfaceOrientations_iPad = "UIInterfaceOrientationPortrait UIInterfaceOrientationPortraitUpsideDown UIInterfaceOrientationLandscapeLeft UIInterfaceOrientationLandscapeRight";
				INFOPLIST_KEY_UISupportedInterfaceOrientations_iPhone = "UIInterfaceOrientationPortrait UIInterfaceOrientationLandscapeLeft UIInterfaceOrientationLandscapeRight";
				LD_RUNPATH_SEARCH_PATHS = (
					"$(inherited)",
					"@executable_path/Frameworks",
				);
				MARKETING_VERSION = 1.0;
				PRODUCT_BUNDLE_IDENTIFIER = Chistyakov.LoginPas;
				PRODUCT_NAME = "$(TARGET_NAME)";
				SWIFT_EMIT_LOC_STRINGS = YES;
				SWIFT_VERSION = 5.0;
				TARGETED_DEVICE_FAMILY = "1,2";
			};
			name = Release;
		};
/* End XCBuildConfiguration section */

/* Begin XCConfigurationList section */
		33DDD850274961440030490A /* Build configuration list for PBXProject "LoginPas" */ = {
			isa = XCConfigurationList;
			buildConfigurations = (
				33DDD867274961460030490A /* Debug */,
				33DDD868274961460030490A /* Release */,
			);
			defaultConfigurationIsVisible = 0;
			defaultConfigurationName = Release;
		};
		33DDD869274961460030490A /* Build configuration list for PBXNativeTarget "LoginPas" */ = {
			isa = XCConfigurationList;
			buildConfigurations = (
				33DDD86A274961460030490A /* Debug */,
				33DDD86B274961460030490A /* Release */,
			);
			defaultConfigurationIsVisible = 0;
			defaultConfigurationName = Release;
		};
/* End XCConfigurationList section */

/* Begin XCRemoteSwiftPackageReference section */
		33DDD87027496A190030490A /* XCRemoteSwiftPackageReference "firebase-ios-sdk" */ = {
			isa = XCRemoteSwiftPackageReference;
			repositoryURL = "https://github.com/firebase/firebase-ios-sdk";
			requirement = {
				kind = upToNextMajorVersion;
				minimumVersion = 8.0.0;
			};
		};
/* End XCRemoteSwiftPackageReference section */

/* Begin XCSwiftPackageProductDependency section */
		33DDD87127496A190030490A /* FirebaseAnalytics */ = {
			isa = XCSwiftPackageProductDependency;
			package = 33DDD87027496A190030490A /* XCRemoteSwiftPackageReference "firebase-ios-sdk" */;
			productName = FirebaseAnalytics;
		};
		33DDD87327496A190030490A /* FirebaseAuth */ = {
			isa = XCSwiftPackageProductDependency;
			package = 33DDD87027496A190030490A /* XCRemoteSwiftPackageReference "firebase-ios-sdk" */;
			productName = FirebaseAuth;
		};
		33DDD87527496A190030490A /* FirebaseCrashlytics */ = {
			isa = XCSwiftPackageProductDependency;
			package = 33DDD87027496A190030490A /* XCRemoteSwiftPackageReference "firebase-ios-sdk" */;
			productName = FirebaseCrashlytics;
		};
		33DDD87727496A190030490A /* FirebaseDatabase */ = {
			isa = XCSwiftPackageProductDependency;
			package = 33DDD87027496A190030490A /* XCRemoteSwiftPackageReference "firebase-ios-sdk" */;
			productName = FirebaseDatabase;
		};
		33DDD87927496A190030490A /* FirebaseDatabaseSwift-Beta */ = {
			isa = XCSwiftPackageProductDependency;
			package = 33DDD87027496A190030490A /* XCRemoteSwiftPackageReference "firebase-ios-sdk" */;
			productName = "FirebaseDatabaseSwift-Beta";
		};
		33DDD87B27496A190030490A /* FirebaseFirestore */ = {
			isa = XCSwiftPackageProductDependency;
			package = 33DDD87027496A190030490A /* XCRemoteSwiftPackageReference "firebase-ios-sdk" */;
			productName = FirebaseFirestore;
		};
		33DDD87D27496A190030490A /* FirebaseFunctions */ = {
			isa = XCSwiftPackageProductDependency;
			package = 33DDD87027496A190030490A /* XCRemoteSwiftPackageReference "firebase-ios-sdk" */;
			productName = FirebaseFunctions;
		};
		33DDD87F27496A190030490A /* FirebaseInstallations */ = {
			isa = XCSwiftPackageProductDependency;
			package = 33DDD87027496A190030490A /* XCRemoteSwiftPackageReference "firebase-ios-sdk" */;
			productName = FirebaseInstallations;
		};
/* End XCSwiftPackageProductDependency section */
	};
	rootObject = 33DDD84D274961440030490A /* Project object */;
}
